
Microsoft Visual Studio Solution File, Format Version 12.00
# Visual Studio Version 17
VisualStudioVersion = 17.0.31903.59
MinimumVisualStudioVersion = 10.0.40219.1
Project("{FAE04EC0-301F-11D3-BF4B-00C04F79EFBC}") = "Sudoku.Backtracking", "Sudoku.Backtracking\Sudoku.Backtracking.csproj", "{F7931A62-6D56-48F4-915F-80DA7A05E382}"
EndProject
Project("{FAE04EC0-301F-11D3-BF4B-00C04F79EFBC}") = "Sudoku.Benchmark", "Sudoku.Benchmark\Sudoku.Benchmark.csproj", "{7A71DAA1-231F-4122-A7F0-BBB3358F3701}"
EndProject
Project("{FAE04EC0-301F-11D3-BF4B-00C04F79EFBC}") = "Sudoku.Shared", "Sudoku.Shared\Sudoku.Shared.csproj", "{FA1F5A1A-B3F0-4107-A42D-17D0F9359E27}"
EndProject
Global
	GlobalSection(SolutionConfigurationPlatforms) = preSolution
		Debug|Any CPU = Debug|Any CPU
		Release|Any CPU = Release|Any CPU
	EndGlobalSection
	GlobalSection(ProjectConfigurationPlatforms) = postSolution
		{F7931A62-6D56-48F4-915F-80DA7A05E382}.Debug|Any CPU.ActiveCfg = Debug|Any CPU
		{F7931A62-6D56-48F4-915F-80DA7A05E382}.Debug|Any CPU.Build.0 = Debug|Any CPU
		{F7931A62-6D56-48F4-915F-80DA7A05E382}.Release|Any CPU.ActiveCfg = Release|Any CPU
		{F7931A62-6D56-48F4-915F-80DA7A05E382}.Release|Any CPU.Build.0 = Release|Any CPU
		{7A71DAA1-231F-4122-A7F0-BBB3358F3701}.Debug|Any CPU.ActiveCfg = Debug|Any CPU
		{7A71DAA1-231F-4122-A7F0-BBB3358F3701}.Debug|Any CPU.Build.0 = Debug|Any CPU
		{7A71DAA1-231F-4122-A7F0-BBB3358F3701}.Release|Any CPU.ActiveCfg = Release|Any CPU
		{7A71DAA1-231F-4122-A7F0-BBB3358F3701}.Release|Any CPU.Build.0 = Release|Any CPU
		{FA1F5A1A-B3F0-4107-A42D-17D0F9359E27}.Debug|Any CPU.ActiveCfg = Debug|Any CPU
		{FA1F5A1A-B3F0-4107-A42D-17D0F9359E27}.Debug|Any CPU.Build.0 = Debug|Any CPU
		{FA1F5A1A-B3F0-4107-A42D-17D0F9359E27}.Release|Any CPU.ActiveCfg = Release|Any CPU
		{FA1F5A1A-B3F0-4107-A42D-17D0F9359E27}.Release|Any CPU.Build.0 = Release|Any CPU
	EndGlobalSection
	GlobalSection(SolutionProperties) = preSolution
		HideSolutionNode = FALSE
	EndGlobalSection
EndGlobal
